
Microsoft Visual Studio Solution File, Format Version 12.00
# Visual Studio Version 17
VisualStudioVersion = 17.0.32014.148
MinimumVisualStudioVersion = 10.0.40219.1
Project("{FAE04EC0-301F-11D3-BF4B-00C04F79EFBC}") = "SaveClipboard", "SaveClipboard\SaveClipboard.csproj", "{6F33BD89-5206-491C-AC7A-F44C9DC8819B}"
EndProject
Global
	GlobalSection(SolutionConfigurationPlatforms) = preSolution
		Debug|Any CPU = Debug|Any CPU
		Release|Any CPU = Release|Any CPU
	EndGlobalSection
	GlobalSection(ProjectConfigurationPlatforms) = postSolution
		{6F33BD89-5206-491C-AC7A-F44C9DC8819B}.Debug|Any CPU.ActiveCfg = Debug|Any CPU
		{6F33BD89-5206-491C-AC7A-F44C9DC8819B}.Debug|Any CPU.Build.0 = Debug|Any CPU
		{6F33BD89-5206-491C-AC7A-F44C9DC8819B}.Release|Any CPU.ActiveCfg = Release|Any CPU
		{6F33BD89-5206-491C-AC7A-F44C9DC8819B}.Release|Any CPU.Build.0 = Release|Any CPU
	EndGlobalSection
	GlobalSection(SolutionProperties) = preSolution
		HideSolutionNode = FALSE
	EndGlobalSection
	GlobalSection(ExtensibilityGlobals) = postSolution
		SolutionGuid = {CD6CFB1E-7EF0-4D21-BC98-E7876680F560}
	EndGlobalSection
EndGlobal
